// !$*UTF8*$!
{
	archiveVersion = 1;
	classes = {
	};
	objectVersion = 46;
	objects = {

/* Begin PBXBuildFile section */
		0207DA581B56EA530066E2B4 /* Images.xcassets in Resources */ = {isa = PBXBuildFile; fileRef = 0207DA571B56EA530066E2B4 /* Images.xcassets */; };
		04219532F68E450990B4174F /* TwitterConnect.m in Sources */ = {isa = PBXBuildFile; fileRef = 10F5041EBA0B49ADBA3E25FE /* TwitterConnect.m */; };
		04867ADE781D43118653AE60 /* FirebaseMessaging.framework in Frameworks */ = {isa = PBXBuildFile; fileRef = D15B862646444A7F94C1B9C9 /* FirebaseMessaging.framework */; };
		068EA604A7E84C6798098B38 /* FirebasePlugin.m in Sources */ = {isa = PBXBuildFile; fileRef = D8978FBA8BCB4B29B70DC281 /* FirebasePlugin.m */; };
		09D28419BED744308A5B6D3B /* GoogleAuthUtilities.framework in Frameworks */ = {isa = PBXBuildFile; fileRef = 4CBDE92026E842CBA17A0C01 /* GoogleAuthUtilities.framework */; };
		0C273232664543EBA7120C96 /* TwitterCore.framework in Frameworks */ = {isa = PBXBuildFile; fileRef = 82804FCA10A7457484A9EFD9 /* TwitterCore.framework */; };
		16D15DF312564319811E1863 /* Accelerate.framework in Frameworks */ = {isa = PBXBuildFile; fileRef = F587E6AE32F14FC79330C220 /* Accelerate.framework */; };
		173313C1DCD74CE1AC63114A /* SystemConfiguration.framework in Frameworks */ = {isa = PBXBuildFile; fileRef = 5B307A4552674E40BFF20EC7 /* SystemConfiguration.framework */; };
		1A042F0368184C4BABC2B0D2 /* libc++.dylib in Frameworks */ = {isa = PBXBuildFile; fileRef = 363F35AC873B4E78A0E1E56D /* libc++.dylib */; };
		1D3623260D0F684500981E51 /* AppDelegate.m in Sources */ = {isa = PBXBuildFile; fileRef = 1D3623250D0F684500981E51 /* AppDelegate.m */; };
		1D60589B0D05DD56006BFB54 /* main.m in Sources */ = {isa = PBXBuildFile; fileRef = 29B97316FDCFA39411CA2CEA /* main.m */; };
		1DAD08919684415E8480008C /* NSString+SSURLEncoding.m in Sources */ = {isa = PBXBuildFile; fileRef = 1376CB200FCC4BE4985EEB8E /* NSString+SSURLEncoding.m */; };
		21C39BC2F51C4EC0828F46F2 /* FBSDKCoreKit.framework in Frameworks */ = {isa = PBXBuildFile; fileRef = B3149BEB5CFC4192A91FAB25 /* FBSDKCoreKit.framework */; };
		22CAD576795A4FCF9D887701 /* CoreText.framework in Frameworks */ = {isa = PBXBuildFile; fileRef = 5761757AED044FD091ABEEF6 /* CoreText.framework */; settings = {ATTRIBUTES = (Weak, ); }; };
		277090E5BC5049D6911347CD /* CDVInAppBrowser.m in Sources */ = {isa = PBXBuildFile; fileRef = A97D4543DD9644C2A5B1EB87 /* CDVInAppBrowser.m */; };
		29A154C277F84D8F849E06A4 /* GoogleSymbolUtilities.framework in Frameworks */ = {isa = PBXBuildFile; fileRef = 36B538119029404CAA4B28D3 /* GoogleSymbolUtilities.framework */; };
		2C53B0002D104A738F55386F /* CardIOCordovaPlugin.m in Sources */ = {isa = PBXBuildFile; fileRef = B56476CCEE314C1DA67AD877 /* CardIOCordovaPlugin.m */; };
		301BF552109A68D80062928A /* libCordova.a in Frameworks */ = {isa = PBXBuildFile; fileRef = 301BF535109A57CC0062928A /* libCordova.a */; };
		3021FA61866B4E4F80FC92F5 /* AudioToolbox.framework in Frameworks */ = {isa = PBXBuildFile; fileRef = 9061DB1755B447A0BEE891F1 /* AudioToolbox.framework */; };
		302D95F114D2391D003F00A1 /* MainViewController.m in Sources */ = {isa = PBXBuildFile; fileRef = 302D95EF14D2391D003F00A1 /* MainViewController.m */; };
		302D95F214D2391D003F00A1 /* MainViewController.xib in Resources */ = {isa = PBXBuildFile; fileRef = 302D95F014D2391D003F00A1 /* MainViewController.xib */; };
		30538B139FB145CBA382DABC /* libCardIO.a in Frameworks */ = {isa = PBXBuildFile; fileRef = D751DFD1975443D39AED9FD9 /* libCardIO.a */; };
		3334192877414C91886A2D4D /* CDVSplashScreen.m in Sources */ = {isa = PBXBuildFile; fileRef = 998154BBC76C40B8813A67FA /* CDVSplashScreen.m */; };
		356A544E95B64583A2ED015E /* libz.dylib in Frameworks */ = {isa = PBXBuildFile; fileRef = 2C38F788FF4A40FD889A0CB7 /* libz.dylib */; settings = {ATTRIBUTES = (Weak, ); }; };
		36FB0055E54C480088D7CF3D /* AddressBook.framework in Frameworks */ = {isa = PBXBuildFile; fileRef = 5CD97A6540494B84BFDDB4DD /* AddressBook.framework */; settings = {ATTRIBUTES = (Weak, ); }; };
		36FCC0621FB37E4D00D9A210 /* GoogleService-Info.plist in Resources */ = {isa = PBXBuildFile; fileRef = 36FCC0611FB37E4D00D9A210 /* GoogleService-Info.plist */; };
		3A186436DA0048659B4577AC /* UIKit.framework in Frameworks */ = {isa = PBXBuildFile; fileRef = DDF5F8476B3745ECAF4CD6E3 /* UIKit.framework */; };
		3B4C08A52A5E4A60890735C1 /* APPEmailComposer.m in Sources */ = {isa = PBXBuildFile; fileRef = ED82BD5FCFFE4FBF916622EF /* APPEmailComposer.m */; };
		3BB13197F0B442BA8CF64A07 /* Bolts.framework in Frameworks */ = {isa = PBXBuildFile; fileRef = AAF5AAAE283B4D188D580F5C /* Bolts.framework */; };
		4012327B8B4F4F2993218946 /* FBSDKLoginKit.framework in Frameworks */ = {isa = PBXBuildFile; fileRef = 40135C4454AA44899CEFA496 /* FBSDKLoginKit.framework */; };
		4AC4CF61F665418D9E99FDAC /* FirebaseInstanceID.framework in Frameworks */ = {isa = PBXBuildFile; fileRef = 8AC066D627F8494D97BA11C3 /* FirebaseInstanceID.framework */; };
		4B41631814EA4CA7A0EFA3EF /* SocialSharing.m in Sources */ = {isa = PBXBuildFile; fileRef = 00A09DFAD32A420E811BCBDE /* SocialSharing.m */; };
		5129BF04A0A34B06A068E7FB /* CoreData.framework in Frameworks */ = {isa = PBXBuildFile; fileRef = 395EF27043774F8BBC495E98 /* CoreData.framework */; };
		518B8E098956421786BD6571 /* FirebaseAnalytics.framework in Frameworks */ = {isa = PBXBuildFile; fileRef = B2B521EB2665488096112394 /* FirebaseAnalytics.framework */; };
		533FCD4E1D56471BA8C22C64 /* libopencv_core.a in Frameworks */ = {isa = PBXBuildFile; fileRef = 482296CA0E4646C1BDA9A964 /* libopencv_core.a */; };
		5F852A32716648BE96348AD7 /* GoogleToolboxForMac.framework in Frameworks */ = {isa = PBXBuildFile; fileRef = 0213B473DDEC4C649CE26AAC /* GoogleToolboxForMac.framework */; };
		689A11426EE64EA991AB42D6 /* FirebaseCrash.framework in Frameworks */ = {isa = PBXBuildFile; fileRef = 6F902ECBDD114E30801841AD /* FirebaseCrash.framework */; };
		6A62DB61F56048C5821004BA /* OneSignalPush.m in Sources */ = {isa = PBXBuildFile; fileRef = 65F17F7456E14C3B9BF8C3F0 /* OneSignalPush.m */; };
		6AFF5BF91D6E424B00AB3073 /* CDVLaunchScreen.storyboard in Resources */ = {isa = PBXBuildFile; fileRef = 6AFF5BF81D6E424B00AB3073 /* CDVLaunchScreen.storyboard */; };
		6C9C177B629E454CB40135F2 /* Accounts.framework in Frameworks */ = {isa = PBXBuildFile; fileRef = 7B60FEE4B0B2492ABE5A6A82 /* Accounts.framework */; };
		71D2EDF1D2BE4FDC9AEC7CAF /* CoreLocation.framework in Frameworks */ = {isa = PBXBuildFile; fileRef = FCDF7EC4CF31429D950E9302 /* CoreLocation.framework */; settings = {ATTRIBUTES = (Weak, ); }; };
		73E5217BF8244105A7FDF3D7 /* TwitterKit.framework in Frameworks */ = {isa = PBXBuildFile; fileRef = 0770B9C3B8DA4EB1A75FA78E /* TwitterKit.framework */; };
		74C974AC21B04A3FBDF1D817 /* Security.framework in Frameworks */ = {isa = PBXBuildFile; fileRef = 8C645E98DFA0492EA315805C /* Security.framework */; };
		79B86A9D710D4F06840E7649 /* QuartzCore.framework in Frameworks */ = {isa = PBXBuildFile; fileRef = 8D1478F55B7B420194D6AEF5 /* QuartzCore.framework */; };
		7DBCC9C27BF34B3AADFB8A3E /* CDVDevice.m in Sources */ = {isa = PBXBuildFile; fileRef = 16D25E9F2C21472B979BBC12 /* CDVDevice.m */; };
		809470570DEB4A1D9D80DDFB /* FacebookConnectPlugin.m in Sources */ = {isa = PBXBuildFile; fileRef = 06B427D20B034B7C8F0AE6F8 /* FacebookConnectPlugin.m */; };
		86FA457B85D643D0A7A803F0 /* GoogleAppUtilities.framework in Frameworks */ = {isa = PBXBuildFile; fileRef = FB647F6E046C477BAF30FB30 /* GoogleAppUtilities.framework */; };
		89450F82B4DD4AFCABB5E300 /* libopencv_imgproc.a in Frameworks */ = {isa = PBXBuildFile; fileRef = 488716E9293D47A58AE22EA4 /* libopencv_imgproc.a */; };
		8E49CC55473F4C9597976622 /* CFNetwork.framework in Frameworks */ = {isa = PBXBuildFile; fileRef = A750C43CCC10452BB8A73F54 /* CFNetwork.framework */; };
		8F015126942D42F392F5031F /* Social.framework in Frameworks */ = {isa = PBXBuildFile; fileRef = 0CC2F2F351654D87B8A6A77F /* Social.framework */; settings = {ATTRIBUTES = (Weak, ); }; };
		926D2D89FBF4430FA220C5AD /* OpenGLES.framework in Frameworks */ = {isa = PBXBuildFile; fileRef = BE15A75A1C1346648F648E61 /* OpenGLES.framework */; };
		959B7FD1CF1E425DBB90620D /* Fabric.framework in Frameworks */ = {isa = PBXBuildFile; fileRef = 2643743CD5C145EDBC92DE7F /* Fabric.framework */; };
		96EF7824B5394C52B4CE6B1F /* IonicKeyboard.m in Sources */ = {isa = PBXBuildFile; fileRef = 83A15ED638C546E3B2D814E0 /* IonicKeyboard.m */; };
		9736888F8B60450B93413512 /* FBSDKShareKit.framework in Frameworks */ = {isa = PBXBuildFile; fileRef = 457B4DA580024E7DA3B0809A /* FBSDKShareKit.framework */; };
		99663489B5E345DC9A058F0B /* MessageUI.framework in Frameworks */ = {isa = PBXBuildFile; fileRef = 34759958A9A84737A0BF79CA /* MessageUI.framework */; };
		9BDB4CD447194D08ADF357FD /* CordovaStripe.m in Sources */ = {isa = PBXBuildFile; fileRef = 78A77799FB824FF1908DA3C9 /* CordovaStripe.m */; };
		9F2B696DD4D343EE94270F04 /* libz.tbd in Frameworks */ = {isa = PBXBuildFile; fileRef = CF26DE738B5A47EAB76D36E6 /* libz.tbd */; };
		A35993EB59964236B7E26FEE /* TwitterKitResources.bundle in Resources */ = {isa = PBXBuildFile; fileRef = 653D505A08F4499A9CA7EBB9 /* TwitterKitResources.bundle */; };
		A6828E82AD1D420B9B857D13 /* SafariServices.framework in Frameworks */ = {isa = PBXBuildFile; fileRef = 0B959BD05F5A4303A089F49F /* SafariServices.framework */; };
		AA5B1E8940DF49318916D2DB /* Stripe.framework in Frameworks */ = {isa = PBXBuildFile; fileRef = 65381180F7F544C5A93A9C87 /* Stripe.framework */; };
		AB6BDD28C45941C9A0E60599 /* libPayPalMobile.a in Frameworks */ = {isa = PBXBuildFile; fileRef = A34071AD64ED4E3BA23DD4CE /* libPayPalMobile.a */; };
		B46569D7220B49E2AC93B0D9 /* AVFoundation.framework in Frameworks */ = {isa = PBXBuildFile; fileRef = 7E3A99CAC17A4BCCBE90BC54 /* AVFoundation.framework */; };
		B476B56D681348B391B569A2 /* FirebaseRemoteConfig.framework in Frameworks */ = {isa = PBXBuildFile; fileRef = 9C40721F30C3463DB5FF21DE /* FirebaseRemoteConfig.framework */; };
		B626A1FEBEFD487C924FA6DB /* GooglePlus.m in Sources */ = {isa = PBXBuildFile; fileRef = BF02D32B0CFF459D9A3FC3EF /* GooglePlus.m */; };
		BB75DB8EB57D497CAB373C06 /* APPEmailComposerImpl.m in Sources */ = {isa = PBXBuildFile; fileRef = 946E79D53A4F4411A52E185F /* APPEmailComposerImpl.m */; };
		BFED6AEC6C864708B7186B44 /* FirebaseCore.framework in Frameworks */ = {isa = PBXBuildFile; fileRef = 1E79A7CCD6E1432F91BA249D /* FirebaseCore.framework */; };
		C292BABFB5AE43A8B0275FB3 /* PayPalMobileCordovaPlugin.m in Sources */ = {isa = PBXBuildFile; fileRef = 58005F6185AF4EF39AAAA071 /* PayPalMobileCordovaPlugin.m */; };
		C72D1531E4AE451391AFE717 /* GoogleService-Info.plist in Resources */ = {isa = PBXBuildFile; fileRef = 569AA99C105E4CA893F2E15E /* GoogleService-Info.plist */; };
		C9BB24B0C253451488ADE8D8 /* AppDelegate+FirebasePlugin.m in Sources */ = {isa = PBXBuildFile; fileRef = 2AA07A18609B4A8A8FFEAC7E /* AppDelegate+FirebasePlugin.m */; };
		D46220D2EF1C4EEB98EAD008 /* Protobuf.framework in Frameworks */ = {isa = PBXBuildFile; fileRef = 170215D95BCE41A9BD7522E9 /* Protobuf.framework */; };
		D46E27D589E5458DA0F0AB90 /* CoreVideo.framework in Frameworks */ = {isa = PBXBuildFile; fileRef = 300675EBA2DF4C48AEC4130F /* CoreVideo.framework */; };
		D5BA074B027545CCBD95A4B4 /* GoogleSignIn.framework in Frameworks */ = {isa = PBXBuildFile; fileRef = 5EB7D426B3244102A0D74E3E /* GoogleSignIn.framework */; };
		DBA4B4097BE846C2B9BE7E83 /* CoreMedia.framework in Frameworks */ = {isa = PBXBuildFile; fileRef = 3B5225D19106406F8DDF8353 /* CoreMedia.framework */; };
		DCEF07FA8CD84DAD85CF2F73 /* GoogleUtilities.framework in Frameworks */ = {isa = PBXBuildFile; fileRef = AC2A200D4E7E450F9B16D6A2 /* GoogleUtilities.framework */; };
		DD475AFCC5D74CE99E8BEBA3 /* Foundation.framework in Frameworks */ = {isa = PBXBuildFile; fileRef = D97F65A0374A4391886C1569 /* Foundation.framework */; };
		DD5053BEECE948B4BDCCC009 /* CDVStatusBar.m in Sources */ = {isa = PBXBuildFile; fileRef = 135FE365139E4247A19288A5 /* CDVStatusBar.m */; };
		EB61679CF8FA45E8AA8520D7 /* libPayPalMobile.a in Frameworks */ = {isa = PBXBuildFile; fileRef = 713D121247294B808EE91611 /* libPayPalMobile.a */; };
		EC66813FE82A4800AD300BB4 /* GoogleNetworkingUtilities.framework in Frameworks */ = {isa = PBXBuildFile; fileRef = A2B1383E34584752947D1FF2 /* GoogleNetworkingUtilities.framework */; };
		F284A950826D431FB89D54B8 /* CDVViewController+SplashScreen.m in Sources */ = {isa = PBXBuildFile; fileRef = 63B4129FD6D746028552AD3C /* CDVViewController+SplashScreen.m */; };
/* End PBXBuildFile section */

/* Begin PBXContainerItemProxy section */
		301BF534109A57CC0062928A /* PBXContainerItemProxy */ = {
			isa = PBXContainerItemProxy;
			containerPortal = 301BF52D109A57CC0062928A /* CordovaLib/CordovaLib.xcodeproj */;
			proxyType = 2;
			remoteGlobalIDString = D2AAC07E0554694100DB518D;
			remoteInfo = CordovaLib;
		};
		301BF550109A68C00062928A /* PBXContainerItemProxy */ = {
			isa = PBXContainerItemProxy;
			containerPortal = 301BF52D109A57CC0062928A /* CordovaLib/CordovaLib.xcodeproj */;
			proxyType = 1;
			remoteGlobalIDString = D2AAC07D0554694100DB518D;
			remoteInfo = CordovaLib;
		};
		36FCC05F1FB37DF100D9A210 /* PBXContainerItemProxy */ = {
			isa = PBXContainerItemProxy;
			containerPortal = 301BF52D109A57CC0062928A /* CordovaLib/CordovaLib.xcodeproj */;
			proxyType = 2;
			remoteGlobalIDString = C0C01EB21E3911D50056E6CB;
			remoteInfo = Cordova;
		};
/* End PBXContainerItemProxy section */

/* Begin PBXFileReference section */
		00A09DFAD32A420E811BCBDE /* SocialSharing.m */ = {isa = PBXFileReference; explicitFileType = undefined; fileEncoding = 4; includeInIndex = 0; lastKnownFileType = sourcecode.c.objc; name = SocialSharing.m; path = "cordova-plugin-x-socialsharing/SocialSharing.m"; sourceTree = "<group>"; };
		0207DA571B56EA530066E2B4 /* Images.xcassets */ = {isa = PBXFileReference; lastKnownFileType = folder.assetcatalog; name = Images.xcassets; path = Crepeguys/Images.xcassets; sourceTree = SOURCE_ROOT; };
		0213B473DDEC4C649CE26AAC /* GoogleToolboxForMac.framework */ = {isa = PBXFileReference; explicitFileType = undefined; fileEncoding = 9; includeInIndex = 0; lastKnownFileType = wrapper.framework; name = GoogleToolboxForMac.framework; path = "Crepeguys/Plugins/cordova-plugin-firebase/GoogleToolboxForMac.framework"; sourceTree = "<group>"; };
		06B427D20B034B7C8F0AE6F8 /* FacebookConnectPlugin.m */ = {isa = PBXFileReference; explicitFileType = undefined; fileEncoding = 4; includeInIndex = 0; lastKnownFileType = sourcecode.c.objc; name = FacebookConnectPlugin.m; path = "cordova-plugin-facebook4/FacebookConnectPlugin.m"; sourceTree = "<group>"; };
		0770B9C3B8DA4EB1A75FA78E /* TwitterKit.framework */ = {isa = PBXFileReference; explicitFileType = undefined; fileEncoding = 9; includeInIndex = 0; lastKnownFileType = wrapper.framework; name = TwitterKit.framework; path = "Crepeguys/Plugins/twitter-connect-plugin/TwitterKit.framework"; sourceTree = "<group>"; };
		0B959BD05F5A4303A089F49F /* SafariServices.framework */ = {isa = PBXFileReference; explicitFileType = undefined; fileEncoding = 9; includeInIndex = 0; lastKnownFileType = wrapper.framework; name = SafariServices.framework; path = System/Library/Frameworks/SafariServices.framework; sourceTree = SDKROOT; };
		0CC2F2F351654D87B8A6A77F /* Social.framework */ = {isa = PBXFileReference; explicitFileType = undefined; fileEncoding = 9; includeInIndex = 0; lastKnownFileType = wrapper.framework; name = Social.framework; path = System/Library/Frameworks/Social.framework; sourceTree = SDKROOT; };
		0D52EF7FCE124A489766648D /* CardIOCreditCardInfo.h */ = {isa = PBXFileReference; explicitFileType = undefined; fileEncoding = 4; includeInIndex = 0; lastKnownFileType = sourcecode.c.h; name = CardIOCreditCardInfo.h; path = card.io.cordova.mobilesdk/CardIOCreditCardInfo.h; sourceTree = "<group>"; };
		0F94E127099742C4A22EFAC1 /* CDVDevice.h */ = {isa = PBXFileReference; explicitFileType = undefined; fileEncoding = 4; includeInIndex = 0; lastKnownFileType = sourcecode.c.h; name = CDVDevice.h; path = "cordova-plugin-device/CDVDevice.h"; sourceTree = "<group>"; };
		10F5041EBA0B49ADBA3E25FE /* TwitterConnect.m */ = {isa = PBXFileReference; explicitFileType = undefined; fileEncoding = 4; includeInIndex = 0; lastKnownFileType = sourcecode.c.objc; name = TwitterConnect.m; path = "twitter-connect-plugin/TwitterConnect.m"; sourceTree = "<group>"; };
		135FE365139E4247A19288A5 /* CDVStatusBar.m */ = {isa = PBXFileReference; explicitFileType = undefined; fileEncoding = 4; includeInIndex = 0; lastKnownFileType = sourcecode.c.objc; name = CDVStatusBar.m; path = "cordova-plugin-statusbar/CDVStatusBar.m"; sourceTree = "<group>"; };
		1376CB200FCC4BE4985EEB8E /* NSString+SSURLEncoding.m */ = {isa = PBXFileReference; explicitFileType = undefined; fileEncoding = 4; includeInIndex = 0; lastKnownFileType = sourcecode.c.objc; name = "NSString+SSURLEncoding.m"; path = "cordova-plugin-x-socialsharing/NSString+SSURLEncoding.m"; sourceTree = "<group>"; };
		16D25E9F2C21472B979BBC12 /* CDVDevice.m */ = {isa = PBXFileReference; explicitFileType = undefined; fileEncoding = 4; includeInIndex = 0; lastKnownFileType = sourcecode.c.objc; name = CDVDevice.m; path = "cordova-plugin-device/CDVDevice.m"; sourceTree = "<group>"; };
		170215D95BCE41A9BD7522E9 /* Protobuf.framework */ = {isa = PBXFileReference; explicitFileType = undefined; fileEncoding = 9; includeInIndex = 0; lastKnownFileType = wrapper.framework; name = Protobuf.framework; path = "Crepeguys/Plugins/cordova-plugin-firebase/Protobuf.framework"; sourceTree = "<group>"; };
		1C6DC5EF5390443F885BA615 /* PayPalPaymentViewController.h */ = {isa = PBXFileReference; explicitFileType = undefined; fileEncoding = 4; includeInIndex = 0; lastKnownFileType = sourcecode.c.h; name = PayPalPaymentViewController.h; path = com.paypal.cordova.mobilesdk/PayPalPaymentViewController.h; sourceTree = "<group>"; };
		1CA2309D475A49569295DBCA /* AppDelegate+FirebasePlugin.h */ = {isa = PBXFileReference; explicitFileType = undefined; fileEncoding = 4; includeInIndex = 0; lastKnownFileType = sourcecode.c.h; name = "AppDelegate+FirebasePlugin.h"; path = "cordova-plugin-firebase/AppDelegate+FirebasePlugin.h"; sourceTree = "<group>"; };
		1D3623240D0F684500981E51 /* AppDelegate.h */ = {isa = PBXFileReference; fileEncoding = 4; lastKnownFileType = sourcecode.c.h; path = AppDelegate.h; sourceTree = "<group>"; };
		1D3623250D0F684500981E51 /* AppDelegate.m */ = {isa = PBXFileReference; fileEncoding = 4; lastKnownFileType = sourcecode.c.objc; path = AppDelegate.m; sourceTree = "<group>"; };
		1D6058910D05DD3D006BFB54 /* Crepeguys.app */ = {isa = PBXFileReference; explicitFileType = wrapper.application; includeInIndex = 0; path = Crepeguys.app; sourceTree = BUILT_PRODUCTS_DIR; };
		1E79A7CCD6E1432F91BA249D /* FirebaseCore.framework */ = {isa = PBXFileReference; explicitFileType = undefined; fileEncoding = 9; includeInIndex = 0; lastKnownFileType = wrapper.framework; name = FirebaseCore.framework; path = "Crepeguys/Plugins/cordova-plugin-firebase/FirebaseCore.framework"; sourceTree = "<group>"; };
		20BBB7D1316E40A7AEEC0666 /* CardIOPaymentViewControllerDelegate.h */ = {isa = PBXFileReference; explicitFileType = undefined; fileEncoding = 4; includeInIndex = 0; lastKnownFileType = sourcecode.c.h; name = CardIOPaymentViewControllerDelegate.h; path = card.io.cordova.mobilesdk/CardIOPaymentViewControllerDelegate.h; sourceTree = "<group>"; };
		2643743CD5C145EDBC92DE7F /* Fabric.framework */ = {isa = PBXFileReference; explicitFileType = undefined; fileEncoding = 9; includeInIndex = 0; lastKnownFileType = wrapper.framework; name = Fabric.framework; path = "Crepeguys/Plugins/twitter-connect-plugin/Fabric.framework"; sourceTree = "<group>"; };
		29B97316FDCFA39411CA2CEA /* main.m */ = {isa = PBXFileReference; fileEncoding = 4; lastKnownFileType = sourcecode.c.objc; path = main.m; sourceTree = "<group>"; };
		2AA07A18609B4A8A8FFEAC7E /* AppDelegate+FirebasePlugin.m */ = {isa = PBXFileReference; explicitFileType = undefined; fileEncoding = 4; includeInIndex = 0; lastKnownFileType = sourcecode.c.objc; name = "AppDelegate+FirebasePlugin.m"; path = "cordova-plugin-firebase/AppDelegate+FirebasePlugin.m"; sourceTree = "<group>"; };
		2C38F788FF4A40FD889A0CB7 /* libz.dylib */ = {isa = PBXFileReference; explicitFileType = undefined; fileEncoding = 9; includeInIndex = 0; lastKnownFileType = "compiled.mach-o.dylib"; name = libz.dylib; path = usr/lib/libz.dylib; sourceTree = SDKROOT; };
		2CC9B5E761504B2BA0794E1E /* CardIOPaymentViewController.h */ = {isa = PBXFileReference; explicitFileType = undefined; fileEncoding = 4; includeInIndex = 0; lastKnownFileType = sourcecode.c.h; name = CardIOPaymentViewController.h; path = card.io.cordova.mobilesdk/CardIOPaymentViewController.h; sourceTree = "<group>"; };
		2D9D9328A1E14EAE8D4F71F0 /* CardIOView.h */ = {isa = PBXFileReference; explicitFileType = undefined; fileEncoding = 4; includeInIndex = 0; lastKnownFileType = sourcecode.c.h; name = CardIOView.h; path = card.io.cordova.mobilesdk/CardIOView.h; sourceTree = "<group>"; };
		300675EBA2DF4C48AEC4130F /* CoreVideo.framework */ = {isa = PBXFileReference; explicitFileType = undefined; fileEncoding = 9; includeInIndex = 0; lastKnownFileType = wrapper.framework; name = CoreVideo.framework; path = System/Library/Frameworks/CoreVideo.framework; sourceTree = SDKROOT; };
		3010051578F74D3886D0E71B /* APPEmailComposer.h */ = {isa = PBXFileReference; explicitFileType = undefined; fileEncoding = 4; includeInIndex = 0; lastKnownFileType = sourcecode.c.h; name = APPEmailComposer.h; path = "cordova-plugin-email/APPEmailComposer.h"; sourceTree = "<group>"; };
		301BF52D109A57CC0062928A /* CordovaLib/CordovaLib.xcodeproj */ = {isa = PBXFileReference; lastKnownFileType = "wrapper.pb-project"; path = CordovaLib/CordovaLib.xcodeproj; sourceTree = "<group>"; };
		301BF56E109A69640062928A /* www */ = {isa = PBXFileReference; lastKnownFileType = folder; path = www; sourceTree = SOURCE_ROOT; };
		302D95EE14D2391D003F00A1 /* MainViewController.h */ = {isa = PBXFileReference; fileEncoding = 4; lastKnownFileType = sourcecode.c.h; path = MainViewController.h; sourceTree = "<group>"; };
		302D95EF14D2391D003F00A1 /* MainViewController.m */ = {isa = PBXFileReference; fileEncoding = 4; lastKnownFileType = sourcecode.c.objc; path = MainViewController.m; sourceTree = "<group>"; };
		302D95F014D2391D003F00A1 /* MainViewController.xib */ = {isa = PBXFileReference; fileEncoding = 4; lastKnownFileType = file.xib; path = MainViewController.xib; sourceTree = "<group>"; };
		3047A50F1AB8059700498E2A /* build-debug.xcconfig */ = {isa = PBXFileReference; fileEncoding = 4; lastKnownFileType = text.xcconfig; name = "build-debug.xcconfig"; path = "cordova/build-debug.xcconfig"; sourceTree = SOURCE_ROOT; };
		3047A5101AB8059700498E2A /* build-release.xcconfig */ = {isa = PBXFileReference; fileEncoding = 4; lastKnownFileType = text.xcconfig; name = "build-release.xcconfig"; path = "cordova/build-release.xcconfig"; sourceTree = SOURCE_ROOT; };
		3047A5111AB8059700498E2A /* build.xcconfig */ = {isa = PBXFileReference; fileEncoding = 4; lastKnownFileType = text.xcconfig; name = build.xcconfig; path = cordova/build.xcconfig; sourceTree = SOURCE_ROOT; };
		32CA4F630368D1EE00C91783 /* Crepeguys-Prefix.pch */ = {isa = PBXFileReference; fileEncoding = 4; lastKnownFileType = sourcecode.c.h; path = "Crepeguys-Prefix.pch"; sourceTree = "<group>"; };
		34759958A9A84737A0BF79CA /* MessageUI.framework */ = {isa = PBXFileReference; explicitFileType = undefined; fileEncoding = 9; includeInIndex = 0; lastKnownFileType = wrapper.framework; name = MessageUI.framework; path = System/Library/Frameworks/MessageUI.framework; sourceTree = SDKROOT; };
		360C8B34772F4852A8307561 /* PayPalMobileCordovaPlugin.h */ = {isa = PBXFileReference; explicitFileType = undefined; fileEncoding = 4; includeInIndex = 0; lastKnownFileType = sourcecode.c.h; name = PayPalMobileCordovaPlugin.h; path = com.paypal.cordova.mobilesdk/PayPalMobileCordovaPlugin.h; sourceTree = "<group>"; };
		363F35AC873B4E78A0E1E56D /* libc++.dylib */ = {isa = PBXFileReference; explicitFileType = undefined; fileEncoding = 9; includeInIndex = 0; lastKnownFileType = "compiled.mach-o.dylib"; name = "libc++.dylib"; path = "usr/lib/libc++.dylib"; sourceTree = SDKROOT; };
		36B538119029404CAA4B28D3 /* GoogleSymbolUtilities.framework */ = {isa = PBXFileReference; explicitFileType = undefined; fileEncoding = 9; includeInIndex = 0; lastKnownFileType = wrapper.framework; name = GoogleSymbolUtilities.framework; path = "Crepeguys/Plugins/cordova-plugin-googleplus/GoogleSymbolUtilities.framework"; sourceTree = "<group>"; };
		36FCC0611FB37E4D00D9A210 /* GoogleService-Info.plist */ = {isa = PBXFileReference; fileEncoding = 4; lastKnownFileType = text.plist.xml; name = "GoogleService-Info.plist"; path = "../../../../../GoogleService-Info.plist"; sourceTree = "<group>"; };
		395EF27043774F8BBC495E98 /* CoreData.framework */ = {isa = PBXFileReference; explicitFileType = undefined; fileEncoding = 9; includeInIndex = 0; lastKnownFileType = wrapper.framework; name = CoreData.framework; path = System/Library/Frameworks/CoreData.framework; sourceTree = SDKROOT; };
		3B5225D19106406F8DDF8353 /* CoreMedia.framework */ = {isa = PBXFileReference; explicitFileType = undefined; fileEncoding = 9; includeInIndex = 0; lastKnownFileType = wrapper.framework; name = CoreMedia.framework; path = System/Library/Frameworks/CoreMedia.framework; sourceTree = SDKROOT; };
		3C33F0DFB1BF42CF996D3ACE /* CardIODetectionMode.h */ = {isa = PBXFileReference; explicitFileType = undefined; fileEncoding = 4; includeInIndex = 0; lastKnownFileType = sourcecode.c.h; name = CardIODetectionMode.h; path = card.io.cordova.mobilesdk/CardIODetectionMode.h; sourceTree = "<group>"; };
		3F9D5742C89A4162B840CCB4 /* GooglePlus.h */ = {isa = PBXFileReference; explicitFileType = undefined; fileEncoding = 4; includeInIndex = 0; lastKnownFileType = sourcecode.c.h; name = GooglePlus.h; path = "cordova-plugin-googleplus/GooglePlus.h"; sourceTree = "<group>"; };
		40135C4454AA44899CEFA496 /* FBSDKLoginKit.framework */ = {isa = PBXFileReference; explicitFileType = undefined; fileEncoding = 9; includeInIndex = 0; lastKnownFileType = wrapper.framework; name = FBSDKLoginKit.framework; path = "Crepeguys/Plugins/cordova-plugin-facebook4/FBSDKLoginKit.framework"; sourceTree = "<group>"; };
		457B4DA580024E7DA3B0809A /* FBSDKShareKit.framework */ = {isa = PBXFileReference; explicitFileType = undefined; fileEncoding = 9; includeInIndex = 0; lastKnownFileType = wrapper.framework; name = FBSDKShareKit.framework; path = "Crepeguys/Plugins/cordova-plugin-facebook4/FBSDKShareKit.framework"; sourceTree = "<group>"; };
		475C638301354DF19DF3E995 /* CardIOUtilities.h */ = {isa = PBXFileReference; explicitFileType = undefined; fileEncoding = 4; includeInIndex = 0; lastKnownFileType = sourcecode.c.h; name = CardIOUtilities.h; path = card.io.cordova.mobilesdk/CardIOUtilities.h; sourceTree = "<group>"; };
		482296CA0E4646C1BDA9A964 /* libopencv_core.a */ = {isa = PBXFileReference; explicitFileType = undefined; fileEncoding = 9; includeInIndex = 0; lastKnownFileType = archive.ar; name = libopencv_core.a; path = Crepeguys/Plugins/card.io.cordova.mobilesdk/libopencv_core.a; sourceTree = "<group>"; };
		488716E9293D47A58AE22EA4 /* libopencv_imgproc.a */ = {isa = PBXFileReference; explicitFileType = undefined; fileEncoding = 9; includeInIndex = 0; lastKnownFileType = archive.ar; name = libopencv_imgproc.a; path = Crepeguys/Plugins/card.io.cordova.mobilesdk/libopencv_imgproc.a; sourceTree = "<group>"; };
		4BDFF39A2AD34656B5CCCA52 /* IonicKeyboard.h */ = {isa = PBXFileReference; explicitFileType = undefined; fileEncoding = 4; includeInIndex = 0; lastKnownFileType = sourcecode.c.h; name = IonicKeyboard.h; path = "ionic-plugin-keyboard/IonicKeyboard.h"; sourceTree = "<group>"; };
		4CBDE92026E842CBA17A0C01 /* GoogleAuthUtilities.framework */ = {isa = PBXFileReference; explicitFileType = undefined; fileEncoding = 9; includeInIndex = 0; lastKnownFileType = wrapper.framework; name = GoogleAuthUtilities.framework; path = "Crepeguys/Plugins/cordova-plugin-googleplus/GoogleAuthUtilities.framework"; sourceTree = "<group>"; };
		4EECE1A6CCE54EFB92F876FE /* CDVSplashScreen.h */ = {isa = PBXFileReference; explicitFileType = undefined; fileEncoding = 4; includeInIndex = 0; lastKnownFileType = sourcecode.c.h; name = CDVSplashScreen.h; path = "cordova-plugin-splashscreen/CDVSplashScreen.h"; sourceTree = "<group>"; };
		503C6C42CA8F474D92F92210 /* PayPalConfiguration.h */ = {isa = PBXFileReference; explicitFileType = undefined; fileEncoding = 4; includeInIndex = 0; lastKnownFileType = sourcecode.c.h; name = PayPalConfiguration.h; path = com.paypal.cordova.mobilesdk/PayPalConfiguration.h; sourceTree = "<group>"; };
		51563E53DAE244B299D0B271 /* APPEmailComposerImpl.h */ = {isa = PBXFileReference; explicitFileType = undefined; fileEncoding = 4; includeInIndex = 0; lastKnownFileType = sourcecode.c.h; name = APPEmailComposerImpl.h; path = "cordova-plugin-email/APPEmailComposerImpl.h"; sourceTree = "<group>"; };
		569AA99C105E4CA893F2E15E /* GoogleService-Info.plist */ = {isa = PBXFileReference; explicitFileType = undefined; fileEncoding = 4; includeInIndex = 0; lastKnownFileType = text.plist.xml; path = "GoogleService-Info.plist"; sourceTree = "<group>"; };
		5761757AED044FD091ABEEF6 /* CoreText.framework */ = {isa = PBXFileReference; explicitFileType = undefined; fileEncoding = 9; includeInIndex = 0; lastKnownFileType = wrapper.framework; name = CoreText.framework; path = System/Library/Frameworks/CoreText.framework; sourceTree = SDKROOT; };
		58005F6185AF4EF39AAAA071 /* PayPalMobileCordovaPlugin.m */ = {isa = PBXFileReference; explicitFileType = undefined; fileEncoding = 4; includeInIndex = 0; lastKnownFileType = sourcecode.c.objc; name = PayPalMobileCordovaPlugin.m; path = com.paypal.cordova.mobilesdk/PayPalMobileCordovaPlugin.m; sourceTree = "<group>"; };
		59A657DAB5C04133A368CBF3 /* PayPalMobile.h */ = {isa = PBXFileReference; explicitFileType = undefined; fileEncoding = 4; includeInIndex = 0; lastKnownFileType = sourcecode.c.h; name = PayPalMobile.h; path = com.paypal.cordova.mobilesdk/PayPalMobile.h; sourceTree = "<group>"; };
		5B307A4552674E40BFF20EC7 /* SystemConfiguration.framework */ = {isa = PBXFileReference; explicitFileType = undefined; fileEncoding = 9; includeInIndex = 0; lastKnownFileType = wrapper.framework; name = SystemConfiguration.framework; path = System/Library/Frameworks/SystemConfiguration.framework; sourceTree = SDKROOT; };
		5CD97A6540494B84BFDDB4DD /* AddressBook.framework */ = {isa = PBXFileReference; explicitFileType = undefined; fileEncoding = 9; includeInIndex = 0; lastKnownFileType = wrapper.framework; name = AddressBook.framework; path = System/Library/Frameworks/AddressBook.framework; sourceTree = SDKROOT; };
		5EB7D426B3244102A0D74E3E /* GoogleSignIn.framework */ = {isa = PBXFileReference; explicitFileType = undefined; fileEncoding = 9; includeInIndex = 0; lastKnownFileType = wrapper.framework; name = GoogleSignIn.framework; path = "Crepeguys/Plugins/cordova-plugin-googleplus/GoogleSignIn.framework"; sourceTree = "<group>"; };
		623B618B0A214FEFA07FD8D9 /* PayPalFuturePaymentViewController.h */ = {isa = PBXFileReference; explicitFileType = undefined; fileEncoding = 4; includeInIndex = 0; lastKnownFileType = sourcecode.c.h; name = PayPalFuturePaymentViewController.h; path = com.paypal.cordova.mobilesdk/PayPalFuturePaymentViewController.h; sourceTree = "<group>"; };
		63B4129FD6D746028552AD3C /* CDVViewController+SplashScreen.m */ = {isa = PBXFileReference; explicitFileType = undefined; fileEncoding = 4; includeInIndex = 0; lastKnownFileType = sourcecode.c.objc; name = "CDVViewController+SplashScreen.m"; path = "cordova-plugin-splashscreen/CDVViewController+SplashScreen.m"; sourceTree = "<group>"; };
		65381180F7F544C5A93A9C87 /* Stripe.framework */ = {isa = PBXFileReference; explicitFileType = undefined; fileEncoding = 9; includeInIndex = 0; lastKnownFileType = wrapper.framework; name = Stripe.framework; path = "Crepeguys/Plugins/cordova-plugin-stripe/Stripe.framework"; sourceTree = "<group>"; };
		653D505A08F4499A9CA7EBB9 /* TwitterKitResources.bundle */ = {isa = PBXFileReference; explicitFileType = undefined; fileEncoding = 9; includeInIndex = 0; lastKnownFileType = "wrapper.plug-in"; path = TwitterKitResources.bundle; sourceTree = "<group>"; };
		65F17F7456E14C3B9BF8C3F0 /* OneSignalPush.m */ = {isa = PBXFileReference; explicitFileType = undefined; fileEncoding = 4; includeInIndex = 0; lastKnownFileType = sourcecode.c.objc; name = OneSignalPush.m; path = "onesignal-cordova-plugin/OneSignalPush.m"; sourceTree = "<group>"; };
		67405A96511D4A22AC1350B1 /* CDVInAppBrowser.h */ = {isa = PBXFileReference; explicitFileType = undefined; fileEncoding = 4; includeInIndex = 0; lastKnownFileType = sourcecode.c.h; name = CDVInAppBrowser.h; path = "cordova-plugin-inappbrowser/CDVInAppBrowser.h"; sourceTree = "<group>"; };
		6AFF5BF81D6E424B00AB3073 /* CDVLaunchScreen.storyboard */ = {isa = PBXFileReference; fileEncoding = 4; lastKnownFileType = file.storyboard; name = CDVLaunchScreen.storyboard; path = Crepeguys/CDVLaunchScreen.storyboard; sourceTree = SOURCE_ROOT; };
		6C2A0B9EF91B41A7895E2B8C /* CardIOViewDelegate.h */ = {isa = PBXFileReference; explicitFileType = undefined; fileEncoding = 4; includeInIndex = 0; lastKnownFileType = sourcecode.c.h; name = CardIOViewDelegate.h; path = card.io.cordova.mobilesdk/CardIOViewDelegate.h; sourceTree = "<group>"; };
		6F902ECBDD114E30801841AD /* FirebaseCrash.framework */ = {isa = PBXFileReference; explicitFileType = undefined; fileEncoding = 9; includeInIndex = 0; lastKnownFileType = wrapper.framework; name = FirebaseCrash.framework; path = "Crepeguys/Plugins/cordova-plugin-firebase/FirebaseCrash.framework"; sourceTree = "<group>"; };
		713D121247294B808EE91611 /* libPayPalMobile.a */ = {isa = PBXFileReference; explicitFileType = undefined; fileEncoding = 9; includeInIndex = 0; lastKnownFileType = archive.ar; path = libPayPalMobile.a; sourceTree = "<group>"; };
		73A0B8B92F274F689E6E3B3D /* SocialSharing.h */ = {isa = PBXFileReference; explicitFileType = undefined; fileEncoding = 4; includeInIndex = 0; lastKnownFileType = sourcecode.c.h; name = SocialSharing.h; path = "cordova-plugin-x-socialsharing/SocialSharing.h"; sourceTree = "<group>"; };
		788DD6F21DF546EE97265CED /* FirebasePlugin.h */ = {isa = PBXFileReference; explicitFileType = undefined; fileEncoding = 4; includeInIndex = 0; lastKnownFileType = sourcecode.c.h; name = FirebasePlugin.h; path = "cordova-plugin-firebase/FirebasePlugin.h"; sourceTree = "<group>"; };
		78A77799FB824FF1908DA3C9 /* CordovaStripe.m */ = {isa = PBXFileReference; explicitFileType = undefined; fileEncoding = 4; includeInIndex = 0; lastKnownFileType = sourcecode.c.objc; name = CordovaStripe.m; path = "cordova-plugin-stripe/CordovaStripe.m"; sourceTree = "<group>"; };
		796F6AAA24D441C1BF5622A3 /* OneSignalPush.h */ = {isa = PBXFileReference; explicitFileType = undefined; fileEncoding = 4; includeInIndex = 0; lastKnownFileType = sourcecode.c.h; name = OneSignalPush.h; path = "onesignal-cordova-plugin/OneSignalPush.h"; sourceTree = "<group>"; };
		7B0B62B3D5EC45F68831B60E /* NSString+SSURLEncoding.h */ = {isa = PBXFileReference; explicitFileType = undefined; fileEncoding = 4; includeInIndex = 0; lastKnownFileType = sourcecode.c.h; name = "NSString+SSURLEncoding.h"; path = "cordova-plugin-x-socialsharing/NSString+SSURLEncoding.h"; sourceTree = "<group>"; };
		7B60FEE4B0B2492ABE5A6A82 /* Accounts.framework */ = {isa = PBXFileReference; explicitFileType = undefined; fileEncoding = 9; includeInIndex = 0; lastKnownFileType = wrapper.framework; name = Accounts.framework; path = System/Library/Frameworks/Accounts.framework; sourceTree = SDKROOT; };
		7E3A99CAC17A4BCCBE90BC54 /* AVFoundation.framework */ = {isa = PBXFileReference; explicitFileType = undefined; fileEncoding = 9; includeInIndex = 0; lastKnownFileType = wrapper.framework; name = AVFoundation.framework; path = System/Library/Frameworks/AVFoundation.framework; sourceTree = SDKROOT; };
		82804FCA10A7457484A9EFD9 /* TwitterCore.framework */ = {isa = PBXFileReference; explicitFileType = undefined; fileEncoding = 9; includeInIndex = 0; lastKnownFileType = wrapper.framework; name = TwitterCore.framework; path = "Crepeguys/Plugins/twitter-connect-plugin/TwitterCore.framework"; sourceTree = "<group>"; };
		83A15ED638C546E3B2D814E0 /* IonicKeyboard.m */ = {isa = PBXFileReference; explicitFileType = undefined; fileEncoding = 4; includeInIndex = 0; lastKnownFileType = sourcecode.c.objc; name = IonicKeyboard.m; path = "ionic-plugin-keyboard/IonicKeyboard.m"; sourceTree = "<group>"; };
		8560055ACBCA4D6E88D37689 /* CardIO.h */ = {isa = PBXFileReference; explicitFileType = undefined; fileEncoding = 4; includeInIndex = 0; lastKnownFileType = sourcecode.c.h; name = CardIO.h; path = card.io.cordova.mobilesdk/CardIO.h; sourceTree = "<group>"; };
		8AC066D627F8494D97BA11C3 /* FirebaseInstanceID.framework */ = {isa = PBXFileReference; explicitFileType = undefined; fileEncoding = 9; includeInIndex = 0; lastKnownFileType = wrapper.framework; name = FirebaseInstanceID.framework; path = "Crepeguys/Plugins/cordova-plugin-firebase/FirebaseInstanceID.framework"; sourceTree = "<group>"; };
		8C645E98DFA0492EA315805C /* Security.framework */ = {isa = PBXFileReference; explicitFileType = undefined; fileEncoding = 9; includeInIndex = 0; lastKnownFileType = wrapper.framework; name = Security.framework; path = System/Library/Frameworks/Security.framework; sourceTree = SDKROOT; };
		8D1107310486CEB800E47090 /* Crepeguys-Info.plist */ = {isa = PBXFileReference; fileEncoding = 4; lastKnownFileType = text.plist.xml; name = "Crepeguys-Info.plist"; path = "Crepeguys/Crepeguys-Info.plist"; plistStructureDefinitionIdentifier = "com.apple.xcode.plist.structure-definition.iphone.info-plist"; sourceTree = SOURCE_ROOT; };
		8D1478F55B7B420194D6AEF5 /* QuartzCore.framework */ = {isa = PBXFileReference; explicitFileType = undefined; fileEncoding = 9; includeInIndex = 0; lastKnownFileType = wrapper.framework; name = QuartzCore.framework; path = System/Library/Frameworks/QuartzCore.framework; sourceTree = SDKROOT; };
		8F656A8F465D42E8B073F69B /* FacebookConnectPlugin.h */ = {isa = PBXFileReference; explicitFileType = undefined; fileEncoding = 4; includeInIndex = 0; lastKnownFileType = sourcecode.c.h; name = FacebookConnectPlugin.h; path = "cordova-plugin-facebook4/FacebookConnectPlugin.h"; sourceTree = "<group>"; };
		9061DB1755B447A0BEE891F1 /* AudioToolbox.framework */ = {isa = PBXFileReference; explicitFileType = undefined; fileEncoding = 9; includeInIndex = 0; lastKnownFileType = wrapper.framework; name = AudioToolbox.framework; path = System/Library/Frameworks/AudioToolbox.framework; sourceTree = SDKROOT; };
		946E79D53A4F4411A52E185F /* APPEmailComposerImpl.m */ = {isa = PBXFileReference; explicitFileType = undefined; fileEncoding = 4; includeInIndex = 0; lastKnownFileType = sourcecode.c.objc; name = APPEmailComposerImpl.m; path = "cordova-plugin-email/APPEmailComposerImpl.m"; sourceTree = "<group>"; };
		98F9B6CA6A914C3399076E4E /* Firebase.h */ = {isa = PBXFileReference; explicitFileType = undefined; fileEncoding = 4; includeInIndex = 0; lastKnownFileType = sourcecode.c.h; name = Firebase.h; path = "cordova-plugin-firebase/Firebase.h"; sourceTree = "<group>"; };
		998154BBC76C40B8813A67FA /* CDVSplashScreen.m */ = {isa = PBXFileReference; explicitFileType = undefined; fileEncoding = 4; includeInIndex = 0; lastKnownFileType = sourcecode.c.objc; name = CDVSplashScreen.m; path = "cordova-plugin-splashscreen/CDVSplashScreen.m"; sourceTree = "<group>"; };
		9C40721F30C3463DB5FF21DE /* FirebaseRemoteConfig.framework */ = {isa = PBXFileReference; explicitFileType = undefined; fileEncoding = 9; includeInIndex = 0; lastKnownFileType = wrapper.framework; name = FirebaseRemoteConfig.framework; path = "Crepeguys/Plugins/cordova-plugin-firebase/FirebaseRemoteConfig.framework"; sourceTree = "<group>"; };
		A115D9C9C31D4CD38C5C3B35 /* PayPalOAuthScopes.h */ = {isa = PBXFileReference; explicitFileType = undefined; fileEncoding = 4; includeInIndex = 0; lastKnownFileType = sourcecode.c.h; name = PayPalOAuthScopes.h; path = com.paypal.cordova.mobilesdk/PayPalOAuthScopes.h; sourceTree = "<group>"; };
		A25EF8B0CB62468E9A90649F /* CDVStatusBar.h */ = {isa = PBXFileReference; explicitFileType = undefined; fileEncoding = 4; includeInIndex = 0; lastKnownFileType = sourcecode.c.h; name = CDVStatusBar.h; path = "cordova-plugin-statusbar/CDVStatusBar.h"; sourceTree = "<group>"; };
		A2B1383E34584752947D1FF2 /* GoogleNetworkingUtilities.framework */ = {isa = PBXFileReference; explicitFileType = undefined; fileEncoding = 9; includeInIndex = 0; lastKnownFileType = wrapper.framework; name = GoogleNetworkingUtilities.framework; path = "Crepeguys/Plugins/cordova-plugin-googleplus/GoogleNetworkingUtilities.framework"; sourceTree = "<group>"; };
		A34071AD64ED4E3BA23DD4CE /* libPayPalMobile.a */ = {isa = PBXFileReference; explicitFileType = undefined; fileEncoding = 9; includeInIndex = 0; lastKnownFileType = archive.ar; name = libPayPalMobile.a; path = Crepeguys/Plugins/com.paypal.cordova.mobilesdk/libPayPalMobile.a; sourceTree = "<group>"; };
		A750C43CCC10452BB8A73F54 /* CFNetwork.framework */ = {isa = PBXFileReference; explicitFileType = undefined; fileEncoding = 9; includeInIndex = 0; lastKnownFileType = wrapper.framework; name = CFNetwork.framework; path = System/Library/Frameworks/CFNetwork.framework; sourceTree = SDKROOT; };
		A97D4543DD9644C2A5B1EB87 /* CDVInAppBrowser.m */ = {isa = PBXFileReference; explicitFileType = undefined; fileEncoding = 4; includeInIndex = 0; lastKnownFileType = sourcecode.c.objc; name = CDVInAppBrowser.m; path = "cordova-plugin-inappbrowser/CDVInAppBrowser.m"; sourceTree = "<group>"; };
		AAF5AAAE283B4D188D580F5C /* Bolts.framework */ = {isa = PBXFileReference; explicitFileType = undefined; fileEncoding = 9; includeInIndex = 0; lastKnownFileType = wrapper.framework; name = Bolts.framework; path = "Crepeguys/Plugins/cordova-plugin-facebook4/Bolts.framework"; sourceTree = "<group>"; };
		AC2A200D4E7E450F9B16D6A2 /* GoogleUtilities.framework */ = {isa = PBXFileReference; explicitFileType = undefined; fileEncoding = 9; includeInIndex = 0; lastKnownFileType = wrapper.framework; name = GoogleUtilities.framework; path = "Crepeguys/Plugins/cordova-plugin-googleplus/GoogleUtilities.framework"; sourceTree = "<group>"; };
		ACC03C6F3257404E9DF31E70 /* CordovaStripe.h */ = {isa = PBXFileReference; explicitFileType = undefined; fileEncoding = 4; includeInIndex = 0; lastKnownFileType = sourcecode.c.h; name = CordovaStripe.h; path = "cordova-plugin-stripe/CordovaStripe.h"; sourceTree = "<group>"; };
		B2B521EB2665488096112394 /* FirebaseAnalytics.framework */ = {isa = PBXFileReference; explicitFileType = undefined; fileEncoding = 9; includeInIndex = 0; lastKnownFileType = wrapper.framework; name = FirebaseAnalytics.framework; path = "Crepeguys/Plugins/cordova-plugin-firebase/FirebaseAnalytics.framework"; sourceTree = "<group>"; };
		B3149BEB5CFC4192A91FAB25 /* FBSDKCoreKit.framework */ = {isa = PBXFileReference; explicitFileType = undefined; fileEncoding = 9; includeInIndex = 0; lastKnownFileType = wrapper.framework; name = FBSDKCoreKit.framework; path = "Crepeguys/Plugins/cordova-plugin-facebook4/FBSDKCoreKit.framework"; sourceTree = "<group>"; };
		B4E61591F0B9473BAC35D24A /* CDVViewController+SplashScreen.h */ = {isa = PBXFileReference; explicitFileType = undefined; fileEncoding = 4; includeInIndex = 0; lastKnownFileType = sourcecode.c.h; name = "CDVViewController+SplashScreen.h"; path = "cordova-plugin-splashscreen/CDVViewController+SplashScreen.h"; sourceTree = "<group>"; };
		B56476CCEE314C1DA67AD877 /* CardIOCordovaPlugin.m */ = {isa = PBXFileReference; explicitFileType = undefined; fileEncoding = 4; includeInIndex = 0; lastKnownFileType = sourcecode.c.objc; name = CardIOCordovaPlugin.m; path = card.io.cordova.mobilesdk/CardIOCordovaPlugin.m; sourceTree = "<group>"; };
		BD816B9D7B4B4009B56F5F38 /* TwitterConnect.h */ = {isa = PBXFileReference; explicitFileType = undefined; fileEncoding = 4; includeInIndex = 0; lastKnownFileType = sourcecode.c.h; name = TwitterConnect.h; path = "twitter-connect-plugin/TwitterConnect.h"; sourceTree = "<group>"; };
		BE15A75A1C1346648F648E61 /* OpenGLES.framework */ = {isa = PBXFileReference; explicitFileType = undefined; fileEncoding = 9; includeInIndex = 0; lastKnownFileType = wrapper.framework; name = OpenGLES.framework; path = System/Library/Frameworks/OpenGLES.framework; sourceTree = SDKROOT; };
		BF02D32B0CFF459D9A3FC3EF /* GooglePlus.m */ = {isa = PBXFileReference; explicitFileType = undefined; fileEncoding = 4; includeInIndex = 0; lastKnownFileType = sourcecode.c.objc; name = GooglePlus.m; path = "cordova-plugin-googleplus/GooglePlus.m"; sourceTree = "<group>"; };
		CF26DE738B5A47EAB76D36E6 /* libz.tbd */ = {isa = PBXFileReference; explicitFileType = undefined; fileEncoding = 9; includeInIndex = 0; lastKnownFileType = "sourcecode.text-based-dylib-definition"; name = libz.tbd; path = usr/lib/libz.tbd; sourceTree = SDKROOT; };
		D05761159D1048699E89209F /* PayPalProfileSharingViewController.h */ = {isa = PBXFileReference; explicitFileType = undefined; fileEncoding = 4; includeInIndex = 0; lastKnownFileType = sourcecode.c.h; name = PayPalProfileSharingViewController.h; path = com.paypal.cordova.mobilesdk/PayPalProfileSharingViewController.h; sourceTree = "<group>"; };
		D15B862646444A7F94C1B9C9 /* FirebaseMessaging.framework */ = {isa = PBXFileReference; explicitFileType = undefined; fileEncoding = 9; includeInIndex = 0; lastKnownFileType = wrapper.framework; name = FirebaseMessaging.framework; path = "Crepeguys/Plugins/cordova-plugin-firebase/FirebaseMessaging.framework"; sourceTree = "<group>"; };
		D5ECBDD050DC40AD91ABE888 /* PayPalPayment.h */ = {isa = PBXFileReference; explicitFileType = undefined; fileEncoding = 4; includeInIndex = 0; lastKnownFileType = sourcecode.c.h; name = PayPalPayment.h; path = com.paypal.cordova.mobilesdk/PayPalPayment.h; sourceTree = "<group>"; };
		D751DFD1975443D39AED9FD9 /* libCardIO.a */ = {isa = PBXFileReference; explicitFileType = undefined; fileEncoding = 9; includeInIndex = 0; lastKnownFileType = archive.ar; name = libCardIO.a; path = Crepeguys/Plugins/card.io.cordova.mobilesdk/libCardIO.a; sourceTree = "<group>"; };
		D8978FBA8BCB4B29B70DC281 /* FirebasePlugin.m */ = {isa = PBXFileReference; explicitFileType = undefined; fileEncoding = 4; includeInIndex = 0; lastKnownFileType = sourcecode.c.objc; name = FirebasePlugin.m; path = "cordova-plugin-firebase/FirebasePlugin.m"; sourceTree = "<group>"; };
		D97F65A0374A4391886C1569 /* Foundation.framework */ = {isa = PBXFileReference; explicitFileType = undefined; fileEncoding = 9; includeInIndex = 0; lastKnownFileType = wrapper.framework; name = Foundation.framework; path = System/Library/Frameworks/Foundation.framework; sourceTree = SDKROOT; };
		DDF5F8476B3745ECAF4CD6E3 /* UIKit.framework */ = {isa = PBXFileReference; explicitFileType = undefined; fileEncoding = 9; includeInIndex = 0; lastKnownFileType = wrapper.framework; name = UIKit.framework; path = System/Library/Frameworks/UIKit.framework; sourceTree = SDKROOT; };
		EB87FDF31871DA8E0020F90C /* www */ = {isa = PBXFileReference; lastKnownFileType = folder; name = www; path = ../../www; sourceTree = "<group>"; };
		EB87FDF41871DAF40020F90C /* config.xml */ = {isa = PBXFileReference; lastKnownFileType = text.xml; name = config.xml; path = ../../config.xml; sourceTree = "<group>"; };
		ED33DF2A687741AEAF9F8254 /* Bridging-Header.h */ = {isa = PBXFileReference; fileEncoding = 4; lastKnownFileType = sourcecode.c.h; path = "Bridging-Header.h"; sourceTree = "<group>"; };
		ED82BD5FCFFE4FBF916622EF /* APPEmailComposer.m */ = {isa = PBXFileReference; explicitFileType = undefined; fileEncoding = 4; includeInIndex = 0; lastKnownFileType = sourcecode.c.objc; name = APPEmailComposer.m; path = "cordova-plugin-email/APPEmailComposer.m"; sourceTree = "<group>"; };
		F587E6AE32F14FC79330C220 /* Accelerate.framework */ = {isa = PBXFileReference; explicitFileType = undefined; fileEncoding = 9; includeInIndex = 0; lastKnownFileType = wrapper.framework; name = Accelerate.framework; path = System/Library/Frameworks/Accelerate.framework; sourceTree = SDKROOT; };
		F840E1F0165FE0F500CFE078 /* config.xml */ = {isa = PBXFileReference; lastKnownFileType = text.xml; name = config.xml; path = Crepeguys/config.xml; sourceTree = "<group>"; };
		F97A36FD43524846A4915687 /* CardIOCordovaPlugin.h */ = {isa = PBXFileReference; explicitFileType = undefined; fileEncoding = 4; includeInIndex = 0; lastKnownFileType = sourcecode.c.h; name = CardIOCordovaPlugin.h; path = card.io.cordova.mobilesdk/CardIOCordovaPlugin.h; sourceTree = "<group>"; };
		FB647F6E046C477BAF30FB30 /* GoogleAppUtilities.framework */ = {isa = PBXFileReference; explicitFileType = undefined; fileEncoding = 9; includeInIndex = 0; lastKnownFileType = wrapper.framework; name = GoogleAppUtilities.framework; path = "Crepeguys/Plugins/cordova-plugin-googleplus/GoogleAppUtilities.framework"; sourceTree = "<group>"; };
		FCDF7EC4CF31429D950E9302 /* CoreLocation.framework */ = {isa = PBXFileReference; explicitFileType = undefined; fileEncoding = 9; includeInIndex = 0; lastKnownFileType = wrapper.framework; name = CoreLocation.framework; path = System/Library/Frameworks/CoreLocation.framework; sourceTree = SDKROOT; };
/* End PBXFileReference section */

/* Begin PBXFrameworksBuildPhase section */
		1D60588F0D05DD3D006BFB54 /* Frameworks */ = {
			isa = PBXFrameworksBuildPhase;
			buildActionMask = 2147483647;
			files = (
				301BF552109A68D80062928A /* libCordova.a in Frameworks */,
				30538B139FB145CBA382DABC /* libCardIO.a in Frameworks */,
				533FCD4E1D56471BA8C22C64 /* libopencv_core.a in Frameworks */,
				89450F82B4DD4AFCABB5E300 /* libopencv_imgproc.a in Frameworks */,
				16D15DF312564319811E1863 /* Accelerate.framework in Frameworks */,
				3021FA61866B4E4F80FC92F5 /* AudioToolbox.framework in Frameworks */,
				B46569D7220B49E2AC93B0D9 /* AVFoundation.framework in Frameworks */,
				DBA4B4097BE846C2B9BE7E83 /* CoreMedia.framework in Frameworks */,
				D46E27D589E5458DA0F0AB90 /* CoreVideo.framework in Frameworks */,
				DD475AFCC5D74CE99E8BEBA3 /* Foundation.framework in Frameworks */,
				926D2D89FBF4430FA220C5AD /* OpenGLES.framework in Frameworks */,
				79B86A9D710D4F06840E7649 /* QuartzCore.framework in Frameworks */,
				74C974AC21B04A3FBDF1D817 /* Security.framework in Frameworks */,
				3A186436DA0048659B4577AC /* UIKit.framework in Frameworks */,
				1A042F0368184C4BABC2B0D2 /* libc++.dylib in Frameworks */,
				AB6BDD28C45941C9A0E60599 /* libPayPalMobile.a in Frameworks */,
				8E49CC55473F4C9597976622 /* CFNetwork.framework in Frameworks */,
				71D2EDF1D2BE4FDC9AEC7CAF /* CoreLocation.framework in Frameworks */,
				99663489B5E345DC9A058F0B /* MessageUI.framework in Frameworks */,
				A6828E82AD1D420B9B857D13 /* SafariServices.framework in Frameworks */,
				173313C1DCD74CE1AC63114A /* SystemConfiguration.framework in Frameworks */,
				EB61679CF8FA45E8AA8520D7 /* libPayPalMobile.a in Frameworks */,
				9F2B696DD4D343EE94270F04 /* libz.tbd in Frameworks */,
				3BB13197F0B442BA8CF64A07 /* Bolts.framework in Frameworks */,
				21C39BC2F51C4EC0828F46F2 /* FBSDKCoreKit.framework in Frameworks */,
				4012327B8B4F4F2993218946 /* FBSDKLoginKit.framework in Frameworks */,
				9736888F8B60450B93413512 /* FBSDKShareKit.framework in Frameworks */,
				518B8E098956421786BD6571 /* FirebaseAnalytics.framework in Frameworks */,
				BFED6AEC6C864708B7186B44 /* FirebaseCore.framework in Frameworks */,
				4AC4CF61F665418D9E99FDAC /* FirebaseInstanceID.framework in Frameworks */,
				5F852A32716648BE96348AD7 /* GoogleToolboxForMac.framework in Frameworks */,
				D46220D2EF1C4EEB98EAD008 /* Protobuf.framework in Frameworks */,
				04867ADE781D43118653AE60 /* FirebaseMessaging.framework in Frameworks */,
				689A11426EE64EA991AB42D6 /* FirebaseCrash.framework in Frameworks */,
				B476B56D681348B391B569A2 /* FirebaseRemoteConfig.framework in Frameworks */,
				86FA457B85D643D0A7A803F0 /* GoogleAppUtilities.framework in Frameworks */,
				09D28419BED744308A5B6D3B /* GoogleAuthUtilities.framework in Frameworks */,
				EC66813FE82A4800AD300BB4 /* GoogleNetworkingUtilities.framework in Frameworks */,
				D5BA074B027545CCBD95A4B4 /* GoogleSignIn.framework in Frameworks */,
				29A154C277F84D8F849E06A4 /* GoogleSymbolUtilities.framework in Frameworks */,
				DCEF07FA8CD84DAD85CF2F73 /* GoogleUtilities.framework in Frameworks */,
				36FB0055E54C480088D7CF3D /* AddressBook.framework in Frameworks */,
				22CAD576795A4FCF9D887701 /* CoreText.framework in Frameworks */,
				356A544E95B64583A2ED015E /* libz.dylib in Frameworks */,
				AA5B1E8940DF49318916D2DB /* Stripe.framework in Frameworks */,
				8F015126942D42F392F5031F /* Social.framework in Frameworks */,
				959B7FD1CF1E425DBB90620D /* Fabric.framework in Frameworks */,
				73E5217BF8244105A7FDF3D7 /* TwitterKit.framework in Frameworks */,
				0C273232664543EBA7120C96 /* TwitterCore.framework in Frameworks */,
				6C9C177B629E454CB40135F2 /* Accounts.framework in Frameworks */,
				5129BF04A0A34B06A068E7FB /* CoreData.framework in Frameworks */,
			);
			runOnlyForDeploymentPostprocessing = 0;
		};
/* End PBXFrameworksBuildPhase section */

/* Begin PBXGroup section */
		080E96DDFE201D6D7F000001 /* Classes */ = {
			isa = PBXGroup;
			children = (
				302D95EE14D2391D003F00A1 /* MainViewController.h */,
				302D95EF14D2391D003F00A1 /* MainViewController.m */,
				302D95F014D2391D003F00A1 /* MainViewController.xib */,
				1D3623240D0F684500981E51 /* AppDelegate.h */,
				1D3623250D0F684500981E51 /* AppDelegate.m */,
			);
			name = Classes;
			path = Crepeguys/Classes;
			sourceTree = SOURCE_ROOT;
		};
		19C28FACFE9D520D11CA2CBB /* Products */ = {
			isa = PBXGroup;
			children = (
				1D6058910D05DD3D006BFB54 /* Crepeguys.app */,
			);
			name = Products;
			sourceTree = "<group>";
		};
		29B97314FDCFA39411CA2CEA /* CustomTemplate */ = {
			isa = PBXGroup;
			children = (
				EB87FDF41871DAF40020F90C /* config.xml */,
				EB87FDF31871DA8E0020F90C /* www */,
				EB87FDF11871DA420020F90C /* Staging */,
				301BF52D109A57CC0062928A /* CordovaLib/CordovaLib.xcodeproj */,
				080E96DDFE201D6D7F000001 /* Classes */,
				307C750510C5A3420062BCA9 /* Plugins */,
				29B97315FDCFA39411CA2CEA /* Other Sources */,
				29B97317FDCFA39411CA2CEA /* Resources */,
				29B97323FDCFA39411CA2CEA /* Frameworks */,
				19C28FACFE9D520D11CA2CBB /* Products */,
			);
			name = CustomTemplate;
			sourceTree = "<group>";
		};
		29B97315FDCFA39411CA2CEA /* Other Sources */ = {
			isa = PBXGroup;
			children = (
				32CA4F630368D1EE00C91783 /* Crepeguys-Prefix.pch */,
				29B97316FDCFA39411CA2CEA /* main.m */,
				ED33DF2A687741AEAF9F8254 /* Bridging-Header.h */,
			);
			name = "Other Sources";
			path = Crepeguys;
			sourceTree = "<group>";
		};
		29B97317FDCFA39411CA2CEA /* Resources */ = {
			isa = PBXGroup;
			children = (
				0207DA571B56EA530066E2B4 /* Images.xcassets */,
				3047A50E1AB8057F00498E2A /* config */,
				8D1107310486CEB800E47090 /* Crepeguys-Info.plist */,
				6AFF5BF81D6E424B00AB3073 /* CDVLaunchScreen.storyboard */,
				569AA99C105E4CA893F2E15E /* GoogleService-Info.plist */,
				653D505A08F4499A9CA7EBB9 /* TwitterKitResources.bundle */,
			);
			name = Resources;
			path = Crepeguys/Resources;
			sourceTree = "<group>";
		};
		29B97323FDCFA39411CA2CEA /* Frameworks */ = {
			isa = PBXGroup;
			children = (
				D751DFD1975443D39AED9FD9 /* libCardIO.a */,
				482296CA0E4646C1BDA9A964 /* libopencv_core.a */,
				488716E9293D47A58AE22EA4 /* libopencv_imgproc.a */,
				F587E6AE32F14FC79330C220 /* Accelerate.framework */,
				9061DB1755B447A0BEE891F1 /* AudioToolbox.framework */,
				7E3A99CAC17A4BCCBE90BC54 /* AVFoundation.framework */,
				3B5225D19106406F8DDF8353 /* CoreMedia.framework */,
				300675EBA2DF4C48AEC4130F /* CoreVideo.framework */,
				D97F65A0374A4391886C1569 /* Foundation.framework */,
				BE15A75A1C1346648F648E61 /* OpenGLES.framework */,
				8D1478F55B7B420194D6AEF5 /* QuartzCore.framework */,
				8C645E98DFA0492EA315805C /* Security.framework */,
				DDF5F8476B3745ECAF4CD6E3 /* UIKit.framework */,
				363F35AC873B4E78A0E1E56D /* libc++.dylib */,
				A34071AD64ED4E3BA23DD4CE /* libPayPalMobile.a */,
				A750C43CCC10452BB8A73F54 /* CFNetwork.framework */,
				FCDF7EC4CF31429D950E9302 /* CoreLocation.framework */,
				34759958A9A84737A0BF79CA /* MessageUI.framework */,
				0B959BD05F5A4303A089F49F /* SafariServices.framework */,
				5B307A4552674E40BFF20EC7 /* SystemConfiguration.framework */,
				713D121247294B808EE91611 /* libPayPalMobile.a */,
				CF26DE738B5A47EAB76D36E6 /* libz.tbd */,
				AAF5AAAE283B4D188D580F5C /* Bolts.framework */,
				B3149BEB5CFC4192A91FAB25 /* FBSDKCoreKit.framework */,
				40135C4454AA44899CEFA496 /* FBSDKLoginKit.framework */,
				457B4DA580024E7DA3B0809A /* FBSDKShareKit.framework */,
				B2B521EB2665488096112394 /* FirebaseAnalytics.framework */,
				1E79A7CCD6E1432F91BA249D /* FirebaseCore.framework */,
				8AC066D627F8494D97BA11C3 /* FirebaseInstanceID.framework */,
				0213B473DDEC4C649CE26AAC /* GoogleToolboxForMac.framework */,
				170215D95BCE41A9BD7522E9 /* Protobuf.framework */,
				D15B862646444A7F94C1B9C9 /* FirebaseMessaging.framework */,
				6F902ECBDD114E30801841AD /* FirebaseCrash.framework */,
				9C40721F30C3463DB5FF21DE /* FirebaseRemoteConfig.framework */,
				FB647F6E046C477BAF30FB30 /* GoogleAppUtilities.framework */,
				4CBDE92026E842CBA17A0C01 /* GoogleAuthUtilities.framework */,
				A2B1383E34584752947D1FF2 /* GoogleNetworkingUtilities.framework */,
				5EB7D426B3244102A0D74E3E /* GoogleSignIn.framework */,
				36B538119029404CAA4B28D3 /* GoogleSymbolUtilities.framework */,
				AC2A200D4E7E450F9B16D6A2 /* GoogleUtilities.framework */,
				5CD97A6540494B84BFDDB4DD /* AddressBook.framework */,
				5761757AED044FD091ABEEF6 /* CoreText.framework */,
				2C38F788FF4A40FD889A0CB7 /* libz.dylib */,
				65381180F7F544C5A93A9C87 /* Stripe.framework */,
				0CC2F2F351654D87B8A6A77F /* Social.framework */,
				2643743CD5C145EDBC92DE7F /* Fabric.framework */,
				0770B9C3B8DA4EB1A75FA78E /* TwitterKit.framework */,
				82804FCA10A7457484A9EFD9 /* TwitterCore.framework */,
				7B60FEE4B0B2492ABE5A6A82 /* Accounts.framework */,
				395EF27043774F8BBC495E98 /* CoreData.framework */,
			);
			name = Frameworks;
			sourceTree = "<group>";
		};
		301BF52E109A57CC0062928A /* Products */ = {
			isa = PBXGroup;
			children = (
				301BF535109A57CC0062928A /* libCordova.a */,
				36FCC0601FB37DF100D9A210 /* Cordova.framework */,
			);
			name = Products;
			sourceTree = "<group>";
		};
		3047A50E1AB8057F00498E2A /* config */ = {
			isa = PBXGroup;
			children = (
				36FCC0611FB37E4D00D9A210 /* GoogleService-Info.plist */,
				3047A50F1AB8059700498E2A /* build-debug.xcconfig */,
				3047A5101AB8059700498E2A /* build-release.xcconfig */,
				3047A5111AB8059700498E2A /* build.xcconfig */,
			);
			name = config;
			sourceTree = "<group>";
		};
		307C750510C5A3420062BCA9 /* Plugins */ = {
			isa = PBXGroup;
			children = (
				B56476CCEE314C1DA67AD877 /* CardIOCordovaPlugin.m */,
				F97A36FD43524846A4915687 /* CardIOCordovaPlugin.h */,
				8560055ACBCA4D6E88D37689 /* CardIO.h */,
				0D52EF7FCE124A489766648D /* CardIOCreditCardInfo.h */,
				3C33F0DFB1BF42CF996D3ACE /* CardIODetectionMode.h */,
				2CC9B5E761504B2BA0794E1E /* CardIOPaymentViewController.h */,
				20BBB7D1316E40A7AEEC0666 /* CardIOPaymentViewControllerDelegate.h */,
				475C638301354DF19DF3E995 /* CardIOUtilities.h */,
				2D9D9328A1E14EAE8D4F71F0 /* CardIOView.h */,
				6C2A0B9EF91B41A7895E2B8C /* CardIOViewDelegate.h */,
				58005F6185AF4EF39AAAA071 /* PayPalMobileCordovaPlugin.m */,
				360C8B34772F4852A8307561 /* PayPalMobileCordovaPlugin.h */,
				503C6C42CA8F474D92F92210 /* PayPalConfiguration.h */,
				623B618B0A214FEFA07FD8D9 /* PayPalFuturePaymentViewController.h */,
				59A657DAB5C04133A368CBF3 /* PayPalMobile.h */,
				A115D9C9C31D4CD38C5C3B35 /* PayPalOAuthScopes.h */,
				D5ECBDD050DC40AD91ABE888 /* PayPalPayment.h */,
				1C6DC5EF5390443F885BA615 /* PayPalPaymentViewController.h */,
				D05761159D1048699E89209F /* PayPalProfileSharingViewController.h */,
				16D25E9F2C21472B979BBC12 /* CDVDevice.m */,
				0F94E127099742C4A22EFAC1 /* CDVDevice.h */,
				ED82BD5FCFFE4FBF916622EF /* APPEmailComposer.m */,
				946E79D53A4F4411A52E185F /* APPEmailComposerImpl.m */,
				3010051578F74D3886D0E71B /* APPEmailComposer.h */,
				51563E53DAE244B299D0B271 /* APPEmailComposerImpl.h */,
				06B427D20B034B7C8F0AE6F8 /* FacebookConnectPlugin.m */,
				8F656A8F465D42E8B073F69B /* FacebookConnectPlugin.h */,
				2AA07A18609B4A8A8FFEAC7E /* AppDelegate+FirebasePlugin.m */,
				D8978FBA8BCB4B29B70DC281 /* FirebasePlugin.m */,
				1CA2309D475A49569295DBCA /* AppDelegate+FirebasePlugin.h */,
				788DD6F21DF546EE97265CED /* FirebasePlugin.h */,
				98F9B6CA6A914C3399076E4E /* Firebase.h */,
				BF02D32B0CFF459D9A3FC3EF /* GooglePlus.m */,
				3F9D5742C89A4162B840CCB4 /* GooglePlus.h */,
				A97D4543DD9644C2A5B1EB87 /* CDVInAppBrowser.m */,
				67405A96511D4A22AC1350B1 /* CDVInAppBrowser.h */,
				998154BBC76C40B8813A67FA /* CDVSplashScreen.m */,
				63B4129FD6D746028552AD3C /* CDVViewController+SplashScreen.m */,
				4EECE1A6CCE54EFB92F876FE /* CDVSplashScreen.h */,
				B4E61591F0B9473BAC35D24A /* CDVViewController+SplashScreen.h */,
				135FE365139E4247A19288A5 /* CDVStatusBar.m */,
				A25EF8B0CB62468E9A90649F /* CDVStatusBar.h */,
				78A77799FB824FF1908DA3C9 /* CordovaStripe.m */,
				ACC03C6F3257404E9DF31E70 /* CordovaStripe.h */,
				1376CB200FCC4BE4985EEB8E /* NSString+SSURLEncoding.m */,
				00A09DFAD32A420E811BCBDE /* SocialSharing.m */,
				7B0B62B3D5EC45F68831B60E /* NSString+SSURLEncoding.h */,
				73A0B8B92F274F689E6E3B3D /* SocialSharing.h */,
				83A15ED638C546E3B2D814E0 /* IonicKeyboard.m */,
				4BDFF39A2AD34656B5CCCA52 /* IonicKeyboard.h */,
				65F17F7456E14C3B9BF8C3F0 /* OneSignalPush.m */,
				796F6AAA24D441C1BF5622A3 /* OneSignalPush.h */,
				10F5041EBA0B49ADBA3E25FE /* TwitterConnect.m */,
				BD816B9D7B4B4009B56F5F38 /* TwitterConnect.h */,
			);
			name = Plugins;
			path = Crepeguys/Plugins;
			sourceTree = SOURCE_ROOT;
		};
		EB87FDF11871DA420020F90C /* Staging */ = {
			isa = PBXGroup;
			children = (
				F840E1F0165FE0F500CFE078 /* config.xml */,
				301BF56E109A69640062928A /* www */,
			);
			name = Staging;
			sourceTree = "<group>";
		};
/* End PBXGroup section */

/* Begin PBXNativeTarget section */
		1D6058900D05DD3D006BFB54 /* Crepeguys */ = {
			isa = PBXNativeTarget;
			buildConfigurationList = 1D6058960D05DD3E006BFB54 /* Build configuration list for PBXNativeTarget "Crepeguys" */;
			buildPhases = (
				304B58A110DAC018002A0835 /* Copy www directory */,
				1D60588D0D05DD3D006BFB54 /* Resources */,
				1D60588E0D05DD3D006BFB54 /* Sources */,
				1D60588F0D05DD3D006BFB54 /* Frameworks */,
			);
			buildRules = (
			);
			dependencies = (
				301BF551109A68C00062928A /* PBXTargetDependency */,
			);
			name = Crepeguys;
			productName = Crepeguys;
			productReference = 1D6058910D05DD3D006BFB54 /* Crepeguys.app */;
			productType = "com.apple.product-type.application";
		};
/* End PBXNativeTarget section */

/* Begin PBXProject section */
		29B97313FDCFA39411CA2CEA /* Project object */ = {
			isa = PBXProject;
			attributes = {
				LastUpgradeCheck = 510;
				TargetAttributes = {
					1D6058900D05DD3D006BFB54 = {
						DevelopmentTeam = 537XP949H5;
						ProvisioningStyle = Automatic;
					};
				};
			};
			buildConfigurationList = C01FCF4E08A954540054247B /* Build configuration list for PBXProject "Crepeguys" */;
			compatibilityVersion = "Xcode 3.2";
			developmentRegion = English;
			hasScannedForEncodings = 1;
			knownRegions = (
				en,
			);
			mainGroup = 29B97314FDCFA39411CA2CEA /* CustomTemplate */;
			projectDirPath = "";
			projectReferences = (
				{
					ProductGroup = 301BF52E109A57CC0062928A /* Products */;
					ProjectRef = 301BF52D109A57CC0062928A /* CordovaLib/CordovaLib.xcodeproj */;
				},
			);
			projectRoot = "";
			targets = (
				1D6058900D05DD3D006BFB54 /* Crepeguys */,
			);
		};
/* End PBXProject section */

/* Begin PBXReferenceProxy section */
		301BF535109A57CC0062928A /* libCordova.a */ = {
			isa = PBXReferenceProxy;
			fileType = archive.ar;
			path = libCordova.a;
			remoteRef = 301BF534109A57CC0062928A /* PBXContainerItemProxy */;
			sourceTree = BUILT_PRODUCTS_DIR;
		};
		36FCC0601FB37DF100D9A210 /* Cordova.framework */ = {
			isa = PBXReferenceProxy;
			fileType = wrapper.framework;
			path = Cordova.framework;
			remoteRef = 36FCC05F1FB37DF100D9A210 /* PBXContainerItemProxy */;
			sourceTree = BUILT_PRODUCTS_DIR;
		};
/* End PBXReferenceProxy section */

/* Begin PBXResourcesBuildPhase section */
		1D60588D0D05DD3D006BFB54 /* Resources */ = {
			isa = PBXResourcesBuildPhase;
			buildActionMask = 2147483647;
			files = (
				302D95F214D2391D003F00A1 /* MainViewController.xib in Resources */,
				0207DA581B56EA530066E2B4 /* Images.xcassets in Resources */,
				6AFF5BF91D6E424B00AB3073 /* CDVLaunchScreen.storyboard in Resources */,
				C72D1531E4AE451391AFE717 /* GoogleService-Info.plist in Resources */,
				A35993EB59964236B7E26FEE /* TwitterKitResources.bundle in Resources */,
				36FCC0621FB37E4D00D9A210 /* GoogleService-Info.plist in Resources */,
			);
			runOnlyForDeploymentPostprocessing = 0;
		};
/* End PBXResourcesBuildPhase section */

/* Begin PBXShellScriptBuildPhase section */
		304B58A110DAC018002A0835 /* Copy www directory */ = {
			isa = PBXShellScriptBuildPhase;
			buildActionMask = 2147483647;
			files = (
			);
			inputPaths = (
			);
			name = "Copy www directory";
			outputPaths = (
			);
			runOnlyForDeploymentPostprocessing = 0;
			shellPath = /bin/sh;
			shellScript = "NODEJS_PATH=/usr/local/bin; NVM_NODE_PATH=~/.nvm/versions/node/`nvm version 2>/dev/null`/bin; N_NODE_PATH=`find /usr/local/n/versions/node/* -maxdepth 0 -type d 2>/dev/null | tail -1`/bin; XCODE_NODE_PATH=`xcode-select --print-path`/usr/share/xcs/Node/bin; PATH=$NODEJS_PATH:$NVM_NODE_PATH:$N_NODE_PATH:$XCODE_NODE_PATH:$PATH && node cordova/lib/copy-www-build-step.js";
			showEnvVarsInLog = 0;
		};
/* End PBXShellScriptBuildPhase section */

/* Begin PBXSourcesBuildPhase section */
		1D60588E0D05DD3D006BFB54 /* Sources */ = {
			isa = PBXSourcesBuildPhase;
			buildActionMask = 2147483647;
			files = (
				1D60589B0D05DD56006BFB54 /* main.m in Sources */,
				1D3623260D0F684500981E51 /* AppDelegate.m in Sources */,
				302D95F114D2391D003F00A1 /* MainViewController.m in Sources */,
				2C53B0002D104A738F55386F /* CardIOCordovaPlugin.m in Sources */,
				C292BABFB5AE43A8B0275FB3 /* PayPalMobileCordovaPlugin.m in Sources */,
				7DBCC9C27BF34B3AADFB8A3E /* CDVDevice.m in Sources */,
				3B4C08A52A5E4A60890735C1 /* APPEmailComposer.m in Sources */,
				BB75DB8EB57D497CAB373C06 /* APPEmailComposerImpl.m in Sources */,
				809470570DEB4A1D9D80DDFB /* FacebookConnectPlugin.m in Sources */,
				C9BB24B0C253451488ADE8D8 /* AppDelegate+FirebasePlugin.m in Sources */,
				068EA604A7E84C6798098B38 /* FirebasePlugin.m in Sources */,
				B626A1FEBEFD487C924FA6DB /* GooglePlus.m in Sources */,
				277090E5BC5049D6911347CD /* CDVInAppBrowser.m in Sources */,
				3334192877414C91886A2D4D /* CDVSplashScreen.m in Sources */,
				F284A950826D431FB89D54B8 /* CDVViewController+SplashScreen.m in Sources */,
				DD5053BEECE948B4BDCCC009 /* CDVStatusBar.m in Sources */,
				9BDB4CD447194D08ADF357FD /* CordovaStripe.m in Sources */,
				1DAD08919684415E8480008C /* NSString+SSURLEncoding.m in Sources */,
				4B41631814EA4CA7A0EFA3EF /* SocialSharing.m in Sources */,
				96EF7824B5394C52B4CE6B1F /* IonicKeyboard.m in Sources */,
				6A62DB61F56048C5821004BA /* OneSignalPush.m in Sources */,
				04219532F68E450990B4174F /* TwitterConnect.m in Sources */,
			);
			runOnlyForDeploymentPostprocessing = 0;
		};
/* End PBXSourcesBuildPhase section */

/* Begin PBXTargetDependency section */
		301BF551109A68C00062928A /* PBXTargetDependency */ = {
			isa = PBXTargetDependency;
			name = CordovaLib;
			targetProxy = 301BF550109A68C00062928A /* PBXContainerItemProxy */;
		};
/* End PBXTargetDependency section */

/* Begin XCBuildConfiguration section */
		1D6058940D05DD3E006BFB54 /* Debug */ = {
			isa = XCBuildConfiguration;
			baseConfigurationReference = 3047A50F1AB8059700498E2A /* build-debug.xcconfig */;
			buildSettings = {
				ALWAYS_SEARCH_USER_PATHS = NO;
				ASSETCATALOG_COMPILER_APPICON_NAME = AppIcon;
				ASSETCATALOG_COMPILER_LAUNCHIMAGE_NAME = LaunchImage;
				CLANG_ENABLE_MODULES = YES;
				CLANG_ENABLE_OBJC_ARC = YES;
				CODE_SIGN_IDENTITY = "iPhone Developer";
				"CODE_SIGN_IDENTITY[sdk=iphoneos*]" = "iPhone Developer";
				CODE_SIGN_STYLE = Automatic;
				COPY_PHASE_STRIP = NO;
				DEVELOPMENT_TEAM = 537XP949H5;
				FRAMEWORK_SEARCH_PATHS = (
					"$(inherited)",
					"\"Crepeguys/Plugins/cordova-plugin-facebook4\"",
					"\"Crepeguys/Plugins/cordova-plugin-facebook4\"",
					"\"Crepeguys/Plugins/cordova-plugin-facebook4\"",
					"\"Crepeguys/Plugins/cordova-plugin-facebook4\"",
					"\"Crepeguys/Plugins/cordova-plugin-firebase\"",
					"\"Crepeguys/Plugins/cordova-plugin-firebase\"",
					"\"Crepeguys/Plugins/cordova-plugin-firebase\"",
					"\"Crepeguys/Plugins/cordova-plugin-firebase\"",
					"\"Crepeguys/Plugins/cordova-plugin-firebase\"",
					"\"Crepeguys/Plugins/cordova-plugin-firebase\"",
					"\"Crepeguys/Plugins/cordova-plugin-firebase\"",
					"\"Crepeguys/Plugins/cordova-plugin-firebase\"",
					"\"Crepeguys/Plugins/cordova-plugin-googleplus\"",
					"\"Crepeguys/Plugins/cordova-plugin-googleplus\"",
					"\"Crepeguys/Plugins/cordova-plugin-googleplus\"",
					"\"Crepeguys/Plugins/cordova-plugin-googleplus\"",
					"\"Crepeguys/Plugins/cordova-plugin-googleplus\"",
					"\"Crepeguys/Plugins/cordova-plugin-googleplus\"",
					"\"Crepeguys/Plugins/cordova-plugin-stripe\"",
					"\"Crepeguys/Plugins/twitter-connect-plugin\"",
					"\"Crepeguys/Plugins/twitter-connect-plugin\"",
					"\"Crepeguys/Plugins/twitter-connect-plugin\"",
				);
				GCC_DYNAMIC_NO_PIC = NO;
				GCC_OPTIMIZATION_LEVEL = 0;
				GCC_PRECOMPILE_PREFIX_HEADER = YES;
				GCC_PREFIX_HEADER = "Crepeguys/Crepeguys-Prefix.pch";
				GCC_THUMB_SUPPORT = NO;
				GCC_VERSION = "";
				INFOPLIST_FILE = "Crepeguys/Crepeguys-Info.plist";
				IPHONEOS_DEPLOYMENT_TARGET = 9.0;
				LD_RUNPATH_SEARCH_PATHS = "@executable_path/Frameworks";
				LIBRARY_SEARCH_PATHS = (
					"$(inherited)",
					"\"$(SRCROOT)/Crepeguys/Plugins/card.io.cordova.mobilesdk\"",
					"\"$(SRCROOT)/Crepeguys/Plugins/card.io.cordova.mobilesdk\"",
					"\"$(SRCROOT)/Crepeguys/Plugins/card.io.cordova.mobilesdk\"",
					"\"$(SRCROOT)/Crepeguys/Plugins/com.paypal.cordova.mobilesdk\"",
				);
				PRODUCT_NAME = Crepeguys;
				PROVISIONING_PROFILE_SPECIFIER = "";
				TARGETED_DEVICE_FAMILY = "1,2";
			};
			name = Debug;
		};
		1D6058950D05DD3E006BFB54 /* Release */ = {
			isa = XCBuildConfiguration;
			baseConfigurationReference = 3047A5101AB8059700498E2A /* build-release.xcconfig */;
			buildSettings = {
				ALWAYS_SEARCH_USER_PATHS = NO;
				ASSETCATALOG_COMPILER_APPICON_NAME = AppIcon;
				ASSETCATALOG_COMPILER_LAUNCHIMAGE_NAME = LaunchImage;
				CLANG_ENABLE_MODULES = YES;
				CLANG_ENABLE_OBJC_ARC = YES;
				CODE_SIGN_IDENTITY = "iPhone Distribution";
				"CODE_SIGN_IDENTITY[sdk=iphoneos*]" = "iPhone Developer";
				CODE_SIGN_STYLE = Automatic;
				COPY_PHASE_STRIP = YES;
				DEVELOPMENT_TEAM = 537XP949H5;
				FRAMEWORK_SEARCH_PATHS = (
					"$(inherited)",
					"\"Crepeguys/Plugins/cordova-plugin-facebook4\"",
					"\"Crepeguys/Plugins/cordova-plugin-facebook4\"",
					"\"Crepeguys/Plugins/cordova-plugin-facebook4\"",
					"\"Crepeguys/Plugins/cordova-plugin-facebook4\"",
					"\"Crepeguys/Plugins/cordova-plugin-firebase\"",
					"\"Crepeguys/Plugins/cordova-plugin-firebase\"",
					"\"Crepeguys/Plugins/cordova-plugin-firebase\"",
					"\"Crepeguys/Plugins/cordova-plugin-firebase\"",
					"\"Crepeguys/Plugins/cordova-plugin-firebase\"",
					"\"Crepeguys/Plugins/cordova-plugin-firebase\"",
					"\"Crepeguys/Plugins/cordova-plugin-firebase\"",
					"\"Crepeguys/Plugins/cordova-plugin-firebase\"",
					"\"Crepeguys/Plugins/cordova-plugin-googleplus\"",
					"\"Crepeguys/Plugins/cordova-plugin-googleplus\"",
					"\"Crepeguys/Plugins/cordova-plugin-googleplus\"",
					"\"Crepeguys/Plugins/cordova-plugin-googleplus\"",
					"\"Crepeguys/Plugins/cordova-plugin-googleplus\"",
					"\"Crepeguys/Plugins/cordova-plugin-googleplus\"",
					"\"Crepeguys/Plugins/cordova-plugin-stripe\"",
					"\"Crepeguys/Plugins/twitter-connect-plugin\"",
					"\"Crepeguys/Plugins/twitter-connect-plugin\"",
					"\"Crepeguys/Plugins/twitter-connect-plugin\"",
				);
				GCC_PRECOMPILE_PREFIX_HEADER = YES;
				GCC_PREFIX_HEADER = "Crepeguys/Crepeguys-Prefix.pch";
				GCC_THUMB_SUPPORT = NO;
				GCC_VERSION = "";
				INFOPLIST_FILE = "Crepeguys/Crepeguys-Info.plist";
				IPHONEOS_DEPLOYMENT_TARGET = 9.0;
				LD_RUNPATH_SEARCH_PATHS = "@executable_path/Frameworks";
				LIBRARY_SEARCH_PATHS = (
					"$(inherited)",
					"\"$(SRCROOT)/Crepeguys/Plugins/card.io.cordova.mobilesdk\"",
					"\"$(SRCROOT)/Crepeguys/Plugins/card.io.cordova.mobilesdk\"",
					"\"$(SRCROOT)/Crepeguys/Plugins/card.io.cordova.mobilesdk\"",
					"\"$(SRCROOT)/Crepeguys/Plugins/com.paypal.cordova.mobilesdk\"",
				);
				PRODUCT_NAME = Crepeguys;
				PROVISIONING_PROFILE_SPECIFIER = "";
				TARGETED_DEVICE_FAMILY = "1,2";
			};
			name = Release;
		};
		C01FCF4F08A954540054247B /* Debug */ = {
			isa = XCBuildConfiguration;
			baseConfigurationReference = 3047A5111AB8059700498E2A /* build.xcconfig */;
			buildSettings = {
				CLANG_ENABLE_MODULES = YES;
				CLANG_ENABLE_OBJC_ARC = YES;
				CLANG_WARN_BOOL_CONVERSION = YES;
				CLANG_WARN_CONSTANT_CONVERSION = YES;
				CLANG_WARN_EMPTY_BODY = YES;
				CLANG_WARN_ENUM_CONVERSION = YES;
				CLANG_WARN_INT_CONVERSION = YES;
				CLANG_WARN__DUPLICATE_METHOD_MATCH = YES;
				GCC_C_LANGUAGE_STANDARD = c99;
				GCC_THUMB_SUPPORT = NO;
				GCC_VERSION = "";
				GCC_WARN_ABOUT_RETURN_TYPE = YES;
				GCC_WARN_UNDECLARED_SELECTOR = YES;
				GCC_WARN_UNINITIALIZED_AUTOS = YES;
				GCC_WARN_UNUSED_FUNCTION = YES;
				GCC_WARN_UNUSED_VARIABLE = YES;
				ONLY_ACTIVE_ARCH = YES;
				SDKROOT = iphoneos;
				SKIP_INSTALL = NO;
			};
			name = Debug;
		};
		C01FCF5008A954540054247B /* Release */ = {
			isa = XCBuildConfiguration;
			baseConfigurationReference = 3047A5111AB8059700498E2A /* build.xcconfig */;
			buildSettings = {
				CLANG_ENABLE_MODULES = YES;
				CLANG_ENABLE_OBJC_ARC = YES;
				CLANG_WARN_BOOL_CONVERSION = YES;
				CLANG_WARN_CONSTANT_CONVERSION = YES;
				CLANG_WARN_EMPTY_BODY = YES;
				CLANG_WARN_ENUM_CONVERSION = YES;
				CLANG_WARN_INT_CONVERSION = YES;
				CLANG_WARN__DUPLICATE_METHOD_MATCH = YES;
				GCC_C_LANGUAGE_STANDARD = c99;
				GCC_THUMB_SUPPORT = NO;
				GCC_VERSION = "";
				GCC_WARN_ABOUT_RETURN_TYPE = YES;
				GCC_WARN_UNDECLARED_SELECTOR = YES;
				GCC_WARN_UNINITIALIZED_AUTOS = YES;
				GCC_WARN_UNUSED_FUNCTION = YES;
				GCC_WARN_UNUSED_VARIABLE = YES;
				SDKROOT = iphoneos;
				SKIP_INSTALL = NO;
			};
			name = Release;
		};
/* End XCBuildConfiguration section */

/* Begin XCConfigurationList section */
		1D6058960D05DD3E006BFB54 /* Build configuration list for PBXNativeTarget "Crepeguys" */ = {
			isa = XCConfigurationList;
			buildConfigurations = (
				1D6058940D05DD3E006BFB54 /* Debug */,
				1D6058950D05DD3E006BFB54 /* Release */,
			);
			defaultConfigurationIsVisible = 0;
			defaultConfigurationName = Release;
		};
		C01FCF4E08A954540054247B /* Build configuration list for PBXProject "Crepeguys" */ = {
			isa = XCConfigurationList;
			buildConfigurations = (
				C01FCF4F08A954540054247B /* Debug */,
				C01FCF5008A954540054247B /* Release */,
			);
			defaultConfigurationIsVisible = 0;
			defaultConfigurationName = Release;
		};
/* End XCConfigurationList section */
	};
	rootObject = 29B97313FDCFA39411CA2CEA /* Project object */;
}
